
Microsoft Visual Studio Solution File, Format Version 12.00
# Visual Studio 15
VisualStudioVersion = 15.0.28307.489
MinimumVisualStudioVersion = 10.0.40219.1
Project("{9A19103F-16F7-4668-BE54-9A1E7A4F7556}") = "Make_Scedule", "Make_Scedule\Make_Scedule.csproj", "{A5084926-6D96-4D29-8DC2-B89F632FF498}"
EndProject
Project("{9A19103F-16F7-4668-BE54-9A1E7A4F7556}") = "Entities", "Entities\Entities.csproj", "{9F679DA4-E455-4B6B-8DC5-AA7B5F88A510}"
EndProject
Global
	GlobalSection(SolutionConfigurationPlatforms) = preSolution
		Debug|Any CPU = Debug|Any CPU
		Release|Any CPU = Release|Any CPU
	EndGlobalSection
	GlobalSection(ProjectConfigurationPlatforms) = postSolution
		{A5084926-6D96-4D29-8DC2-B89F632FF498}.Debug|Any CPU.ActiveCfg = Debug|Any CPU
		{A5084926-6D96-4D29-8DC2-B89F632FF498}.Debug|Any CPU.Build.0 = Debug|Any CPU
		{A5084926-6D96-4D29-8DC2-B89F632FF498}.Release|Any CPU.ActiveCfg = Release|Any CPU
		{A5084926-6D96-4D29-8DC2-B89F632FF498}.Release|Any CPU.Build.0 = Release|Any CPU
		{9F679DA4-E455-4B6B-8DC5-AA7B5F88A510}.Debug|Any CPU.ActiveCfg = Debug|Any CPU
		{9F679DA4-E455-4B6B-8DC5-AA7B5F88A510}.Debug|Any CPU.Build.0 = Debug|Any CPU
		{9F679DA4-E455-4B6B-8DC5-AA7B5F88A510}.Release|Any CPU.ActiveCfg = Release|Any CPU
		{9F679DA4-E455-4B6B-8DC5-AA7B5F88A510}.Release|Any CPU.Build.0 = Release|Any CPU
	EndGlobalSection
	GlobalSection(SolutionProperties) = preSolution
		HideSolutionNode = FALSE
	EndGlobalSection
	GlobalSection(ExtensibilityGlobals) = postSolution
		SolutionGuid = {E1208706-433C-4318-8669-76B691901A29}
	EndGlobalSection
EndGlobal
