
Microsoft Visual Studio Solution File, Format Version 12.00
# Visual Studio 15
VisualStudioVersion = 15.0.26730.12
MinimumVisualStudioVersion = 10.0.40219.1
Project("{FAE04EC0-301F-11D3-BF4B-00C04F79EFBC}") = "ex8", "ex8\ex8.csproj", "{CFAB284D-084A-4003-8349-5208C0117124}"
EndProject
Global
	GlobalSection(SolutionConfigurationPlatforms) = preSolution
		Debug|Any CPU = Debug|Any CPU
		Release|Any CPU = Release|Any CPU
	EndGlobalSection
	GlobalSection(ProjectConfigurationPlatforms) = postSolution
		{CFAB284D-084A-4003-8349-5208C0117124}.Debug|Any CPU.ActiveCfg = Debug|Any CPU
		{CFAB284D-084A-4003-8349-5208C0117124}.Debug|Any CPU.Build.0 = Debug|Any CPU
		{CFAB284D-084A-4003-8349-5208C0117124}.Release|Any CPU.ActiveCfg = Release|Any CPU
		{CFAB284D-084A-4003-8349-5208C0117124}.Release|Any CPU.Build.0 = Release|Any CPU
	EndGlobalSection
	GlobalSection(SolutionProperties) = preSolution
		HideSolutionNode = FALSE
	EndGlobalSection
	GlobalSection(ExtensibilityGlobals) = postSolution
		SolutionGuid = {B636787F-90FC-4753-A539-5412FF11B92E}
	EndGlobalSection
EndGlobal
