
Microsoft Visual Studio Solution File, Format Version 12.00
# Visual Studio 15
VisualStudioVersion = 15.0.26730.12
MinimumVisualStudioVersion = 10.0.40219.1
Project("{FAE04EC0-301F-11D3-BF4B-00C04F79EFBC}") = "sem2", "sem2\sem2.csproj", "{0213AE00-9D86-4144-9109-9D5DBBD3C3FD}"
EndProject
Global
	GlobalSection(SolutionConfigurationPlatforms) = preSolution
		Debug|Any CPU = Debug|Any CPU
		Release|Any CPU = Release|Any CPU
	EndGlobalSection
	GlobalSection(ProjectConfigurationPlatforms) = postSolution
		{0213AE00-9D86-4144-9109-9D5DBBD3C3FD}.Debug|Any CPU.ActiveCfg = Debug|Any CPU
		{0213AE00-9D86-4144-9109-9D5DBBD3C3FD}.Debug|Any CPU.Build.0 = Debug|Any CPU
		{0213AE00-9D86-4144-9109-9D5DBBD3C3FD}.Release|Any CPU.ActiveCfg = Release|Any CPU
		{0213AE00-9D86-4144-9109-9D5DBBD3C3FD}.Release|Any CPU.Build.0 = Release|Any CPU
	EndGlobalSection
	GlobalSection(SolutionProperties) = preSolution
		HideSolutionNode = FALSE
	EndGlobalSection
	GlobalSection(ExtensibilityGlobals) = postSolution
		SolutionGuid = {EA740102-AB8E-4DB4-8168-B4FB746B8903}
	EndGlobalSection
EndGlobal
