
Microsoft Visual Studio Solution File, Format Version 12.00
# Visual Studio 15
VisualStudioVersion = 15.0.26730.12
MinimumVisualStudioVersion = 10.0.40219.1
Project("{FAE04EC0-301F-11D3-BF4B-00C04F79EFBC}") = "Пятнашки", "Пятнашки\Пятнашки.csproj", "{993A33B0-5D6D-4C0A-8F7D-EC2BF92244CB}"
EndProject
Global
	GlobalSection(SolutionConfigurationPlatforms) = preSolution
		Debug|Any CPU = Debug|Any CPU
		Release|Any CPU = Release|Any CPU
	EndGlobalSection
	GlobalSection(ProjectConfigurationPlatforms) = postSolution
		{993A33B0-5D6D-4C0A-8F7D-EC2BF92244CB}.Debug|Any CPU.ActiveCfg = Debug|Any CPU
		{993A33B0-5D6D-4C0A-8F7D-EC2BF92244CB}.Debug|Any CPU.Build.0 = Debug|Any CPU
		{993A33B0-5D6D-4C0A-8F7D-EC2BF92244CB}.Release|Any CPU.ActiveCfg = Release|Any CPU
		{993A33B0-5D6D-4C0A-8F7D-EC2BF92244CB}.Release|Any CPU.Build.0 = Release|Any CPU
	EndGlobalSection
	GlobalSection(SolutionProperties) = preSolution
		HideSolutionNode = FALSE
	EndGlobalSection
	GlobalSection(ExtensibilityGlobals) = postSolution
		SolutionGuid = {68803FE8-EA8D-48F6-A5EE-CEE6A851E7E4}
	EndGlobalSection
EndGlobal
