
Microsoft Visual Studio Solution File, Format Version 12.00
# Visual Studio 15
VisualStudioVersion = 15.0.26730.12
MinimumVisualStudioVersion = 10.0.40219.1
Project("{FAE04EC0-301F-11D3-BF4B-00C04F79EFBC}") = "MyGame", "MyGame\MyGame.csproj", "{87780B33-E616-4D18-9190-1265431FF0BF}"
EndProject
Global
	GlobalSection(SolutionConfigurationPlatforms) = preSolution
		Debug|Any CPU = Debug|Any CPU
		Release|Any CPU = Release|Any CPU
	EndGlobalSection
	GlobalSection(ProjectConfigurationPlatforms) = postSolution
		{87780B33-E616-4D18-9190-1265431FF0BF}.Debug|Any CPU.ActiveCfg = Debug|Any CPU
		{87780B33-E616-4D18-9190-1265431FF0BF}.Debug|Any CPU.Build.0 = Debug|Any CPU
		{87780B33-E616-4D18-9190-1265431FF0BF}.Release|Any CPU.ActiveCfg = Release|Any CPU
		{87780B33-E616-4D18-9190-1265431FF0BF}.Release|Any CPU.Build.0 = Release|Any CPU
	EndGlobalSection
	GlobalSection(SolutionProperties) = preSolution
		HideSolutionNode = FALSE
	EndGlobalSection
	GlobalSection(ExtensibilityGlobals) = postSolution
		SolutionGuid = {EE06F979-361C-4F87-B9D3-37C96CEBB9BC}
	EndGlobalSection
EndGlobal
