
Microsoft Visual Studio Solution File, Format Version 12.00
# Visual Studio 15
VisualStudioVersion = 15.0.28307.329
MinimumVisualStudioVersion = 10.0.40219.1
Project("{FAE04EC0-301F-11D3-BF4B-00C04F79EFBC}") = "Note", "Note\Note.csproj", "{9631A797-8FBA-4773-A78A-5DC2A731C2B3}"
EndProject
Global
	GlobalSection(SolutionConfigurationPlatforms) = preSolution
		Debug|Any CPU = Debug|Any CPU
		Release|Any CPU = Release|Any CPU
	EndGlobalSection
	GlobalSection(ProjectConfigurationPlatforms) = postSolution
		{9631A797-8FBA-4773-A78A-5DC2A731C2B3}.Debug|Any CPU.ActiveCfg = Debug|Any CPU
		{9631A797-8FBA-4773-A78A-5DC2A731C2B3}.Debug|Any CPU.Build.0 = Debug|Any CPU
		{9631A797-8FBA-4773-A78A-5DC2A731C2B3}.Release|Any CPU.ActiveCfg = Release|Any CPU
		{9631A797-8FBA-4773-A78A-5DC2A731C2B3}.Release|Any CPU.Build.0 = Release|Any CPU
	EndGlobalSection
	GlobalSection(SolutionProperties) = preSolution
		HideSolutionNode = FALSE
	EndGlobalSection
	GlobalSection(ExtensibilityGlobals) = postSolution
		SolutionGuid = {B405E918-3926-4F95-B1A1-FE532AC224F5}
	EndGlobalSection
EndGlobal
